# THIS IS AN AUTOGENERATED FILE. DO NOT EDIT THIS FILE DIRECTLY.
# yarn lockfile v1


dompurify@^1.0.8:
  version "1.0.11"
  resolved "https://registry.yarnpkg.com/dompurify/-/dompurify-1.0.11.tgz#fe0f4a40d147f7cebbe31a50a1357539cfc1eb4d"
  integrity sha512-XywCTXZtc/qCX3iprD1pIklRVk/uhl8BKpkTxr+ZyMVUzSUg7wkQXRBp/euJ5J5moa1QvfpvaPQVP71z1O59dQ==

font-awesome@^4.7.0:
  version "4.7.0"
  resolved "https://registry.yarnpkg.com/font-awesome/-/font-awesome-4.7.0.tgz#8fa8cf0411a1a31afd07b06d2902bb9fc815a133"

jquery@2.x:
  version "2.2.4"
  resolved "https://registry.yarnpkg.com/jquery/-/jquery-2.2.4.tgz#2c89d6889b5eac522a7eea32c14521559c6cbf02"
  integrity sha1-LInWiJterFIqfuoywUUhVZxsvwI=

jquery@~2.1.4:
  version "2.1.4"
  resolved "https://registry.yarnpkg.com/jquery/-/jquery-2.1.4.tgz#228bde698a0c61431dc2630a6a154f15890d2317"
  integrity sha1-IoveaYoMYUMdwmMKahVPFYkNIxc=

simditor@2.3.22:
  version "2.3.22"
  resolved "https://registry.yarnpkg.com/simditor/-/simditor-2.3.22.tgz#952b3d697fb334a363c02613e78774e9d1257189"
  integrity sha512-qFbbo6jREbIICxncsJTaAFNOwvMDwDCSqobZnQPDNy2QyRXaHLIZyoDmcBMJQJWoN17WksQjBr774TQXFeFgBA==
  dependencies:
    dompurify "^1.0.8"
    jquery "~2.1.4"
    simple-hotkeys "~1.0.3"
    simple-module "~2.0.6"
    simple-uploader "~2.0.7"

simple-hotkeys@~1.0.3:
  version "1.0.3"
  resolved "https://registry.yarnpkg.com/simple-hotkeys/-/simple-hotkeys-1.0.3.tgz#47a5bc35362ca7339611bd09a84fa37818b0bbc6"
  integrity sha1-R6W8NTYspzOWEb0JqE+jeBiwu8Y=
  dependencies:
    jquery "2.x"
    simple-module "~2.0.5"

simple-module@~2.0.5, simple-module@~2.0.6:
  version "2.0.6"
  resolved "https://registry.yarnpkg.com/simple-module/-/simple-module-2.0.6.tgz#cec8250325f8c7f575f4aa75c919b38396a6037b"
  integrity sha1-zsglAyX4x/V19Kp1yRmzg5amA3s=
  dependencies:
    jquery "2.x"

simple-uploader@~2.0.7:
  version "2.0.8"
  resolved "https://registry.yarnpkg.com/simple-uploader/-/simple-uploader-2.0.8.tgz#5fc4106c6d968b0b353293e3b16094aafde957ba"
  integrity sha1-X8QQbG2Wiws1MpPjsWCUqv3pV7o=
  dependencies:
    jquery "2.x"
    simple-module "~2.0.5"
